[root]
name = "rxml"
version = "0.1.0"
dependencies = [
 "RustyXML 0.1.1 (git+https://github.com/erszcz/RustyXML)",
 "erlang_nif-sys 0.5.3 (registry+https://github.com/rust-lang/crates.io-index)",
 "libc 0.2.17 (registry+https://github.com/rust-lang/crates.io-index)",
]

[[package]]
name = "RustyXML"
version = "0.1.1"
source = "git+https://github.com/erszcz/RustyXML#dd22c5e36a5b687ae97884172f989f42adc8ec35"

[[package]]
name = "erlang_nif-sys"
version = "0.5.3"
source = "registry+https://github.com/rust-lang/crates.io-index"

[[package]]
name = "libc"
version = "0.2.17"
source = "registry+https://github.com/rust-lang/crates.io-index"

[metadata]
"checksum RustyXML 0.1.1 (git+https://github.com/erszcz/RustyXML)" = "<none>"
"checksum erlang_nif-sys 0.5.3 (registry+https://github.com/rust-lang/crates.io-index)" = "b8b21c9fe9d3fa26b4f9e9eef00b1dd266a21b50ee112381f1fabc3241d56e34"
"checksum libc 0.2.17 (registry+https://github.com/rust-lang/crates.io-index)" = "044d1360593a78f5c8e5e710beccdc24ab71d1f01bc19a29bcacdba22e8475d8"
